
Microsoft Visual Studio Solution File, Format Version 12.00
# Visual Studio Version 16
VisualStudioVersion = 16.0.29911.84
MinimumVisualStudioVersion = 10.0.40219.1
Project("{FAE04EC0-301F-11D3-BF4B-00C04F79EFBC}") = "ConsoleApp3", "ConsoleApp3\ConsoleApp3.csproj", "{87083643-159E-4D8D-875A-1345F9BD6F92}"
EndProject
Global
	GlobalSection(SolutionConfigurationPlatforms) = preSolution
		Debug|Any CPU = Debug|Any CPU
		Release|Any CPU = Release|Any CPU
	EndGlobalSection
	GlobalSection(ProjectConfigurationPlatforms) = postSolution
		{87083643-159E-4D8D-875A-1345F9BD6F92}.Debug|Any CPU.ActiveCfg = Debug|Any CPU
		{87083643-159E-4D8D-875A-1345F9BD6F92}.Debug|Any CPU.Build.0 = Debug|Any CPU
		{87083643-159E-4D8D-875A-1345F9BD6F92}.Release|Any CPU.ActiveCfg = Release|Any CPU
		{87083643-159E-4D8D-875A-1345F9BD6F92}.Release|Any CPU.Build.0 = Release|Any CPU
	EndGlobalSection
	GlobalSection(SolutionProperties) = preSolution
		HideSolutionNode = FALSE
	EndGlobalSection
	GlobalSection(ExtensibilityGlobals) = postSolution
		SolutionGuid = {8C9E6585-0CF3-4E40-A2EC-429D4F3999A3}
	EndGlobalSection
EndGlobal
